// !$*UTF8*$!
{
	archiveVersion = 1;
	classes = {
	};
	objectVersion = 55;
	objects = {

/* Begin PBXBuildFile section */
		3F1E43E009BF4559153C06C2 /* Pods_MyMovieDiaryiOS.framework in Frameworks */ = {isa = PBXBuildFile; fileRef = B75CF9E7F790D31700C1DDD0 /* Pods_MyMovieDiaryiOS.framework */; };
		F41891C928FFF1800017E258 /* AppDelegate.swift in Sources */ = {isa = PBXBuildFile; fileRef = F41891C828FFF1800017E258 /* AppDelegate.swift */; };
		F41891CB28FFF1800017E258 /* SceneDelegate.swift in Sources */ = {isa = PBXBuildFile; fileRef = F41891CA28FFF1800017E258 /* SceneDelegate.swift */; };
		F41891D228FFF1810017E258 /* Assets.xcassets in Resources */ = {isa = PBXBuildFile; fileRef = F41891D128FFF1810017E258 /* Assets.xcassets */; };
		F41891D528FFF1810017E258 /* LaunchScreen.storyboard in Resources */ = {isa = PBXBuildFile; fileRef = F41891D328FFF1810017E258 /* LaunchScreen.storyboard */; };
		F41891DE28FFF1D70017E258 /* MainViewController.swift in Sources */ = {isa = PBXBuildFile; fileRef = F41891DD28FFF1D70017E258 /* MainViewController.swift */; };
		F41891E728FFF1E00017E258 /* MovieList.swift in Sources */ = {isa = PBXBuildFile; fileRef = F41891E128FFF1E00017E258 /* MovieList.swift */; };
		F41891E828FFF1E00017E258 /* MovieDataServices.swift in Sources */ = {isa = PBXBuildFile; fileRef = F41891E328FFF1E00017E258 /* MovieDataServices.swift */; };
		F41891E928FFF1E00017E258 /* Constants.swift in Sources */ = {isa = PBXBuildFile; fileRef = F41891E528FFF1E00017E258 /* Constants.swift */; };
		F41891ED28FFF20E0017E258 /* MovieCell.swift in Sources */ = {isa = PBXBuildFile; fileRef = F41891EC28FFF20E0017E258 /* MovieCell.swift */; };
		F43DC84B290779E4006438A4 /* MainSupplementaryView.swift in Sources */ = {isa = PBXBuildFile; fileRef = F43DC84A290779E4006438A4 /* MainSupplementaryView.swift */; };
		F43DC84D2907A1E1006438A4 /* GoogleService-Info.plist in Resources */ = {isa = PBXBuildFile; fileRef = F43DC84C2907A1E1006438A4 /* GoogleService-Info.plist */; };
		F43DC8512907CB23006438A4 /* SearchMovieCell.swift in Sources */ = {isa = PBXBuildFile; fileRef = F43DC8502907CB23006438A4 /* SearchMovieCell.swift */; };
		F4985E7B2910C523001A58E3 /* JoinViewController.swift in Sources */ = {isa = PBXBuildFile; fileRef = F4985E7A2910C523001A58E3 /* JoinViewController.swift */; };
		F4A1028A2904EE7D00775066 /* MovieDetailViewController.swift in Sources */ = {isa = PBXBuildFile; fileRef = F4A102892904EE7D00775066 /* MovieDetailViewController.swift */; };
		F4A1028D2905037F00775066 /* DateUtil.swift in Sources */ = {isa = PBXBuildFile; fileRef = F4A1028C2905037F00775066 /* DateUtil.swift */; };
		F4A1028F2905039800775066 /* ImageUtil.swift in Sources */ = {isa = PBXBuildFile; fileRef = F4A1028E2905039800775066 /* ImageUtil.swift */; };
		F4A10291290506CA00775066 /* StringUtil.swift in Sources */ = {isa = PBXBuildFile; fileRef = F4A10290290506CA00775066 /* StringUtil.swift */; };
		F4A102932905076400775066 /* MovieSearchViewModel.swift in Sources */ = {isa = PBXBuildFile; fileRef = F4A102922905076400775066 /* MovieSearchViewModel.swift */; };
		F4C6A05B290A3819006513B3 /* SearchViewController.swift in Sources */ = {isa = PBXBuildFile; fileRef = F4C6A05A290A3819006513B3 /* SearchViewController.swift */; };
		F4C6A05D290E3A5D006513B3 /* LoginViewController.swift in Sources */ = {isa = PBXBuildFile; fileRef = F4C6A05C290E3A5D006513B3 /* LoginViewController.swift */; };
		F4C6A1F4290E8A69006513B3 /* KakaoOpenSDK.framework in Frameworks */ = {isa = PBXBuildFile; fileRef = F4C6A1F3290E8A69006513B3 /* KakaoOpenSDK.framework */; };
		F4DB34E8290145C400F05905 /* MovieViewModel.swift in Sources */ = {isa = PBXBuildFile; fileRef = F4DB34E7290145C400F05905 /* MovieViewModel.swift */; };
/* End PBXBuildFile section */

/* Begin PBXFileReference section */
		2C5541B73C9F1694CA659A7B /* Pods-MyMovieDiaryiOS.release.xcconfig */ = {isa = PBXFileReference; includeInIndex = 1; lastKnownFileType = text.xcconfig; name = "Pods-MyMovieDiaryiOS.release.xcconfig"; path = "Target Support Files/Pods-MyMovieDiaryiOS/Pods-MyMovieDiaryiOS.release.xcconfig"; sourceTree = "<group>"; };
		B75CF9E7F790D31700C1DDD0 /* Pods_MyMovieDiaryiOS.framework */ = {isa = PBXFileReference; explicitFileType = wrapper.framework; includeInIndex = 0; path = Pods_MyMovieDiaryiOS.framework; sourceTree = BUILT_PRODUCTS_DIR; };
		C9BB4EAC108C0601FA1C3BAB /* Pods-MyMovieDiaryiOS.debug.xcconfig */ = {isa = PBXFileReference; includeInIndex = 1; lastKnownFileType = text.xcconfig; name = "Pods-MyMovieDiaryiOS.debug.xcconfig"; path = "Target Support Files/Pods-MyMovieDiaryiOS/Pods-MyMovieDiaryiOS.debug.xcconfig"; sourceTree = "<group>"; };
		F41891C528FFF1800017E258 /* MyMovieDiaryiOS.app */ = {isa = PBXFileReference; explicitFileType = wrapper.application; includeInIndex = 0; path = MyMovieDiaryiOS.app; sourceTree = BUILT_PRODUCTS_DIR; };
		F41891C828FFF1800017E258 /* AppDelegate.swift */ = {isa = PBXFileReference; lastKnownFileType = sourcecode.swift; path = AppDelegate.swift; sourceTree = "<group>"; };
		F41891CA28FFF1800017E258 /* SceneDelegate.swift */ = {isa = PBXFileReference; lastKnownFileType = sourcecode.swift; path = SceneDelegate.swift; sourceTree = "<group>"; };
		F41891D128FFF1810017E258 /* Assets.xcassets */ = {isa = PBXFileReference; lastKnownFileType = folder.assetcatalog; path = Assets.xcassets; sourceTree = "<group>"; };
		F41891D428FFF1810017E258 /* Base */ = {isa = PBXFileReference; lastKnownFileType = file.storyboard; name = Base; path = Base.lproj/LaunchScreen.storyboard; sourceTree = "<group>"; };
		F41891D628FFF1810017E258 /* Info.plist */ = {isa = PBXFileReference; lastKnownFileType = text.plist.xml; path = Info.plist; sourceTree = "<group>"; };
		F41891DD28FFF1D70017E258 /* MainViewController.swift */ = {isa = PBXFileReference; fileEncoding = 4; lastKnownFileType = sourcecode.swift; path = MainViewController.swift; sourceTree = "<group>"; };
		F41891E128FFF1E00017E258 /* MovieList.swift */ = {isa = PBXFileReference; fileEncoding = 4; lastKnownFileType = sourcecode.swift; path = MovieList.swift; sourceTree = "<group>"; };
		F41891E328FFF1E00017E258 /* MovieDataServices.swift */ = {isa = PBXFileReference; fileEncoding = 4; lastKnownFileType = sourcecode.swift; path = MovieDataServices.swift; sourceTree = "<group>"; };
		F41891E528FFF1E00017E258 /* Constants.swift */ = {isa = PBXFileReference; fileEncoding = 4; lastKnownFileType = sourcecode.swift; path = Constants.swift; sourceTree = "<group>"; };
		F41891E628FFF1E00017E258 /* Debug.xcconfig */ = {isa = PBXFileReference; fileEncoding = 4; lastKnownFileType = text.xcconfig; path = Debug.xcconfig; sourceTree = "<group>"; };
		F41891EC28FFF20E0017E258 /* MovieCell.swift */ = {isa = PBXFileReference; fileEncoding = 4; lastKnownFileType = sourcecode.swift; path = MovieCell.swift; sourceTree = "<group>"; };
		F43DC84A290779E4006438A4 /* MainSupplementaryView.swift */ = {isa = PBXFileReference; lastKnownFileType = sourcecode.swift; path = MainSupplementaryView.swift; sourceTree = "<group>"; };
		F43DC84C2907A1E1006438A4 /* GoogleService-Info.plist */ = {isa = PBXFileReference; fileEncoding = 4; lastKnownFileType = text.plist.xml; path = "GoogleService-Info.plist"; sourceTree = "<group>"; };
		F43DC8502907CB23006438A4 /* SearchMovieCell.swift */ = {isa = PBXFileReference; lastKnownFileType = sourcecode.swift; path = SearchMovieCell.swift; sourceTree = "<group>"; };
		F4985E7A2910C523001A58E3 /* JoinViewController.swift */ = {isa = PBXFileReference; lastKnownFileType = sourcecode.swift; path = JoinViewController.swift; sourceTree = "<group>"; };
		F4A102892904EE7D00775066 /* MovieDetailViewController.swift */ = {isa = PBXFileReference; lastKnownFileType = sourcecode.swift; path = MovieDetailViewController.swift; sourceTree = "<group>"; };
		F4A1028C2905037F00775066 /* DateUtil.swift */ = {isa = PBXFileReference; lastKnownFileType = sourcecode.swift; path = DateUtil.swift; sourceTree = "<group>"; };
		F4A1028E2905039800775066 /* ImageUtil.swift */ = {isa = PBXFileReference; lastKnownFileType = sourcecode.swift; path = ImageUtil.swift; sourceTree = "<group>"; };
		F4A10290290506CA00775066 /* StringUtil.swift */ = {isa = PBXFileReference; lastKnownFileType = sourcecode.swift; path = StringUtil.swift; sourceTree = "<group>"; };
		F4A102922905076400775066 /* MovieSearchViewModel.swift */ = {isa = PBXFileReference; lastKnownFileType = sourcecode.swift; path = MovieSearchViewModel.swift; sourceTree = "<group>"; };
		F4C6A05A290A3819006513B3 /* SearchViewController.swift */ = {isa = PBXFileReference; lastKnownFileType = sourcecode.swift; path = SearchViewController.swift; sourceTree = "<group>"; };
		F4C6A05C290E3A5D006513B3 /* LoginViewController.swift */ = {isa = PBXFileReference; lastKnownFileType = sourcecode.swift; path = LoginViewController.swift; sourceTree = "<group>"; };
		F4C6A1F3290E8A69006513B3 /* KakaoOpenSDK.framework */ = {isa = PBXFileReference; lastKnownFileType = wrapper.framework; path = KakaoOpenSDK.framework; sourceTree = "<group>"; };
		F4C6A1F5290E8C7F006513B3 /* KakaoOpenSDK-Bridging-Header.h */ = {isa = PBXFileReference; lastKnownFileType = sourcecode.c.h; path = "KakaoOpenSDK-Bridging-Header.h"; sourceTree = "<group>"; };
		F4DB34E7290145C400F05905 /* MovieViewModel.swift */ = {isa = PBXFileReference; lastKnownFileType = sourcecode.swift; path = MovieViewModel.swift; sourceTree = "<group>"; };
/* End PBXFileReference section */

/* Begin PBXFrameworksBuildPhase section */
		F41891C228FFF1800017E258 /* Frameworks */ = {
			isa = PBXFrameworksBuildPhase;
			buildActionMask = 2147483647;
			files = (
				3F1E43E009BF4559153C06C2 /* Pods_MyMovieDiaryiOS.framework in Frameworks */,
				F4C6A1F4290E8A69006513B3 /* KakaoOpenSDK.framework in Frameworks */,
			);
			runOnlyForDeploymentPostprocessing = 0;
		};
/* End PBXFrameworksBuildPhase section */

/* Begin PBXGroup section */
		265A1A0DDAD053CA2FC68564 /* Pods */ = {
			isa = PBXGroup;
			children = (
				C9BB4EAC108C0601FA1C3BAB /* Pods-MyMovieDiaryiOS.debug.xcconfig */,
				2C5541B73C9F1694CA659A7B /* Pods-MyMovieDiaryiOS.release.xcconfig */,
			);
			path = Pods;
			sourceTree = "<group>";
		};
		EE335A1473CB5EC9B03CAA86 /* Frameworks */ = {
			isa = PBXGroup;
			children = (
				F4C6A1F3290E8A69006513B3 /* KakaoOpenSDK.framework */,
				B75CF9E7F790D31700C1DDD0 /* Pods_MyMovieDiaryiOS.framework */,
			);
			name = Frameworks;
			sourceTree = "<group>";
		};
		F41891BC28FFF1800017E258 = {
			isa = PBXGroup;
			children = (
				F4C6A1F5290E8C7F006513B3 /* KakaoOpenSDK-Bridging-Header.h */,
				F41891C728FFF1800017E258 /* MyMovieDiaryiOS */,
				F41891C628FFF1800017E258 /* Products */,
				265A1A0DDAD053CA2FC68564 /* Pods */,
				EE335A1473CB5EC9B03CAA86 /* Frameworks */,
			);
			sourceTree = "<group>";
		};
		F41891C628FFF1800017E258 /* Products */ = {
			isa = PBXGroup;
			children = (
				F41891C528FFF1800017E258 /* MyMovieDiaryiOS.app */,
			);
			name = Products;
			sourceTree = "<group>";
		};
		F41891C728FFF1800017E258 /* MyMovieDiaryiOS */ = {
			isa = PBXGroup;
			children = (
				F4A1028B2905032100775066 /* Utils */,
				F41891EB28FFF20E0017E258 /* Cells */,
				F41891E028FFF1E00017E258 /* Models */,
				F41891E428FFF1E00017E258 /* Resources */,
				F41891E228FFF1E00017E258 /* Services */,
				F41891DF28FFF1E00017E258 /* ViewModels */,
				F41891DC28FFF1D70017E258 /* ViewControllers */,
				F41891C828FFF1800017E258 /* AppDelegate.swift */,
				F41891CA28FFF1800017E258 /* SceneDelegate.swift */,
				F41891D128FFF1810017E258 /* Assets.xcassets */,
				F41891D328FFF1810017E258 /* LaunchScreen.storyboard */,
				F41891D628FFF1810017E258 /* Info.plist */,
				F43DC84C2907A1E1006438A4 /* GoogleService-Info.plist */,
			);
			path = MyMovieDiaryiOS;
			sourceTree = "<group>";
		};
		F41891DC28FFF1D70017E258 /* ViewControllers */ = {
			isa = PBXGroup;
			children = (
				F41891DD28FFF1D70017E258 /* MainViewController.swift */,
				F4A102892904EE7D00775066 /* MovieDetailViewController.swift */,
				F4C6A05A290A3819006513B3 /* SearchViewController.swift */,
				F4985E7A2910C523001A58E3 /* JoinViewController.swift */,
				F4C6A05C290E3A5D006513B3 /* LoginViewController.swift */,
			);
			path = ViewControllers;
			sourceTree = "<group>";
		};
		F41891DF28FFF1E00017E258 /* ViewModels */ = {
			isa = PBXGroup;
			children = (
				F4DB34E7290145C400F05905 /* MovieViewModel.swift */,
				F4A102922905076400775066 /* MovieSearchViewModel.swift */,
			);
			path = ViewModels;
			sourceTree = "<group>";
		};
		F41891E028FFF1E00017E258 /* Models */ = {
			isa = PBXGroup;
			children = (
				F41891E128FFF1E00017E258 /* MovieList.swift */,
			);
			path = Models;
			sourceTree = "<group>";
		};
		F41891E228FFF1E00017E258 /* Services */ = {
			isa = PBXGroup;
			children = (
				F41891E328FFF1E00017E258 /* MovieDataServices.swift */,
			);
			path = Services;
			sourceTree = "<group>";
		};
		F41891E428FFF1E00017E258 /* Resources */ = {
			isa = PBXGroup;
			children = (
				F41891E528FFF1E00017E258 /* Constants.swift */,
				F41891E628FFF1E00017E258 /* Debug.xcconfig */,
			);
			path = Resources;
			sourceTree = "<group>";
		};
		F41891EB28FFF20E0017E258 /* Cells */ = {
			isa = PBXGroup;
			children = (
				F41891EC28FFF20E0017E258 /* MovieCell.swift */,
				F43DC84A290779E4006438A4 /* MainSupplementaryView.swift */,
				F43DC8502907CB23006438A4 /* SearchMovieCell.swift */,
			);
			path = Cells;
			sourceTree = "<group>";
		};
		F4A1028B2905032100775066 /* Utils */ = {
			isa = PBXGroup;
			children = (
				F4A1028C2905037F00775066 /* DateUtil.swift */,
				F4A1028E2905039800775066 /* ImageUtil.swift */,
				F4A10290290506CA00775066 /* StringUtil.swift */,
			);
			path = Utils;
			sourceTree = "<group>";
		};
/* End PBXGroup section */

/* Begin PBXNativeTarget section */
		F41891C428FFF1800017E258 /* MyMovieDiaryiOS */ = {
			isa = PBXNativeTarget;
			buildConfigurationList = F41891D928FFF1810017E258 /* Build configuration list for PBXNativeTarget "MyMovieDiaryiOS" */;
			buildPhases = (
				625592213FFEAE0822B7086F /* [CP] Check Pods Manifest.lock */,
				F41891C128FFF1800017E258 /* Sources */,
				F41891C228FFF1800017E258 /* Frameworks */,
				F41891C328FFF1800017E258 /* Resources */,
				9A9EC8102BBFAEC4FF884D5D /* [CP] Embed Pods Frameworks */,
			);
			buildRules = (
			);
			dependencies = (
			);
			name = MyMovieDiaryiOS;
			productName = MyMovieDiaryiOS;
			productReference = F41891C528FFF1800017E258 /* MyMovieDiaryiOS.app */;
			productType = "com.apple.product-type.application";
		};
/* End PBXNativeTarget section */

/* Begin PBXProject section */
		F41891BD28FFF1800017E258 /* Project object */ = {
			isa = PBXProject;
			attributes = {
				BuildIndependentTargetsInParallel = 1;
				LastSwiftUpdateCheck = 1400;
				LastUpgradeCheck = 1400;
				TargetAttributes = {
					F41891C428FFF1800017E258 = {
						CreatedOnToolsVersion = 14.0.1;
					};
				};
			};
			buildConfigurationList = F41891C028FFF1800017E258 /* Build configuration list for PBXProject "MyMovieDiaryiOS" */;
			compatibilityVersion = "Xcode 13.0";
			developmentRegion = en;
			hasScannedForEncodings = 0;
			knownRegions = (
				en,
				Base,
			);
			mainGroup = F41891BC28FFF1800017E258;
			productRefGroup = F41891C628FFF1800017E258 /* Products */;
			projectDirPath = "";
			projectRoot = "";
			targets = (
				F41891C428FFF1800017E258 /* MyMovieDiaryiOS */,
			);
		};
/* End PBXProject section */

/* Begin PBXResourcesBuildPhase section */
		F41891C328FFF1800017E258 /* Resources */ = {
			isa = PBXResourcesBuildPhase;
			buildActionMask = 2147483647;
			files = (
				F41891D528FFF1810017E258 /* LaunchScreen.storyboard in Resources */,
				F41891D228FFF1810017E258 /* Assets.xcassets in Resources */,
				F43DC84D2907A1E1006438A4 /* GoogleService-Info.plist in Resources */,
			);
			runOnlyForDeploymentPostprocessing = 0;
		};
/* End PBXResourcesBuildPhase section */

/* Begin PBXShellScriptBuildPhase section */
		625592213FFEAE0822B7086F /* [CP] Check Pods Manifest.lock */ = {
			isa = PBXShellScriptBuildPhase;
			buildActionMask = 2147483647;
			files = (
			);
			inputFileListPaths = (
			);
			inputPaths = (
				"${PODS_PODFILE_DIR_PATH}/Podfile.lock",
				"${PODS_ROOT}/Manifest.lock",
			);
			name = "[CP] Check Pods Manifest.lock";
			outputFileListPaths = (
			);
			outputPaths = (
				"$(DERIVED_FILE_DIR)/Pods-MyMovieDiaryiOS-checkManifestLockResult.txt",
			);
			runOnlyForDeploymentPostprocessing = 0;
			shellPath = /bin/sh;
			shellScript = "diff \"${PODS_PODFILE_DIR_PATH}/Podfile.lock\" \"${PODS_ROOT}/Manifest.lock\" > /dev/null\nif [ $? != 0 ] ; then\n    # print error to STDERR\n    echo \"error: The sandbox is not in sync with the Podfile.lock. Run 'pod install' or update your CocoaPods installation.\" >&2\n    exit 1\nfi\n# This output is used by Xcode 'outputs' to avoid re-running this script phase.\necho \"SUCCESS\" > \"${SCRIPT_OUTPUT_FILE_0}\"\n";
			showEnvVarsInLog = 0;
		};
		9A9EC8102BBFAEC4FF884D5D /* [CP] Embed Pods Frameworks */ = {
			isa = PBXShellScriptBuildPhase;
			buildActionMask = 2147483647;
			files = (
			);
			inputFileListPaths = (
				"${PODS_ROOT}/Target Support Files/Pods-MyMovieDiaryiOS/Pods-MyMovieDiaryiOS-frameworks-${CONFIGURATION}-input-files.xcfilelist",
			);
			name = "[CP] Embed Pods Frameworks";
			outputFileListPaths = (
				"${PODS_ROOT}/Target Support Files/Pods-MyMovieDiaryiOS/Pods-MyMovieDiaryiOS-frameworks-${CONFIGURATION}-output-files.xcfilelist",
			);
			runOnlyForDeploymentPostprocessing = 0;
			shellPath = /bin/sh;
			shellScript = "\"${PODS_ROOT}/Target Support Files/Pods-MyMovieDiaryiOS/Pods-MyMovieDiaryiOS-frameworks.sh\"\n";
			showEnvVarsInLog = 0;
		};
/* End PBXShellScriptBuildPhase section */

/* Begin PBXSourcesBuildPhase section */
		F41891C128FFF1800017E258 /* Sources */ = {
			isa = PBXSourcesBuildPhase;
			buildActionMask = 2147483647;
			files = (
				F41891ED28FFF20E0017E258 /* MovieCell.swift in Sources */,
				F4A1028D2905037F00775066 /* DateUtil.swift in Sources */,
				F41891E828FFF1E00017E258 /* MovieDataServices.swift in Sources */,
				F4A102932905076400775066 /* MovieSearchViewModel.swift in Sources */,
				F4985E7B2910C523001A58E3 /* JoinViewController.swift in Sources */,
				F41891DE28FFF1D70017E258 /* MainViewController.swift in Sources */,
				F4DB34E8290145C400F05905 /* MovieViewModel.swift in Sources */,
				F41891C928FFF1800017E258 /* AppDelegate.swift in Sources */,
				F4A1028F2905039800775066 /* ImageUtil.swift in Sources */,
				F41891E728FFF1E00017E258 /* MovieList.swift in Sources */,
				F43DC84B290779E4006438A4 /* MainSupplementaryView.swift in Sources */,
				F4C6A05B290A3819006513B3 /* SearchViewController.swift in Sources */,
				F4A10291290506CA00775066 /* StringUtil.swift in Sources */,
				F41891CB28FFF1800017E258 /* SceneDelegate.swift in Sources */,
				F4C6A05D290E3A5D006513B3 /* LoginViewController.swift in Sources */,
				F4A1028A2904EE7D00775066 /* MovieDetailViewController.swift in Sources */,
				F41891E928FFF1E00017E258 /* Constants.swift in Sources */,
				F43DC8512907CB23006438A4 /* SearchMovieCell.swift in Sources */,
			);
			runOnlyForDeploymentPostprocessing = 0;
		};
/* End PBXSourcesBuildPhase section */

/* Begin PBXVariantGroup section */
		F41891D328FFF1810017E258 /* LaunchScreen.storyboard */ = {
			isa = PBXVariantGroup;
			children = (
				F41891D428FFF1810017E258 /* Base */,
			);
			name = LaunchScreen.storyboard;
			sourceTree = "<group>";
		};
/* End PBXVariantGroup section */

/* Begin XCBuildConfiguration section */
		F41891D728FFF1810017E258 /* Debug */ = {
			isa = XCBuildConfiguration;
			buildSettings = {
				ALWAYS_SEARCH_USER_PATHS = NO;
				CLANG_ANALYZER_NONNULL = YES;
				CLANG_ANALYZER_NUMBER_OBJECT_CONVERSION = YES_AGGRESSIVE;
				CLANG_CXX_LANGUAGE_STANDARD = "gnu++20";
				CLANG_ENABLE_MODULES = YES;
				CLANG_ENABLE_OBJC_ARC = YES;
				CLANG_ENABLE_OBJC_WEAK = YES;
				CLANG_WARN_BLOCK_CAPTURE_AUTORELEASING = YES;
				CLANG_WARN_BOOL_CONVERSION = YES;
				CLANG_WARN_COMMA = YES;
				CLANG_WARN_CONSTANT_CONVERSION = YES;
				CLANG_WARN_DEPRECATED_OBJC_IMPLEMENTATIONS = YES;
				CLANG_WARN_DIRECT_OBJC_ISA_USAGE = YES_ERROR;
				CLANG_WARN_DOCUMENTATION_COMMENTS = YES;
				CLANG_WARN_EMPTY_BODY = YES;
				CLANG_WARN_ENUM_CONVERSION = YES;
				CLANG_WARN_INFINITE_RECURSION = YES;
				CLANG_WARN_INT_CONVERSION = YES;
				CLANG_WARN_NON_LITERAL_NULL_CONVERSION = YES;
				CLANG_WARN_OBJC_IMPLICIT_RETAIN_SELF = YES;
				CLANG_WARN_OBJC_LITERAL_CONVERSION = YES;
				CLANG_WARN_OBJC_ROOT_CLASS = YES_ERROR;
				CLANG_WARN_QUOTED_INCLUDE_IN_FRAMEWORK_HEADER = YES;
				CLANG_WARN_RANGE_LOOP_ANALYSIS = YES;
				CLANG_WARN_STRICT_PROTOTYPES = YES;
				CLANG_WARN_SUSPICIOUS_MOVE = YES;
				CLANG_WARN_UNGUARDED_AVAILABILITY = YES_AGGRESSIVE;
				CLANG_WARN_UNREACHABLE_CODE = YES;
				CLANG_WARN__DUPLICATE_METHOD_MATCH = YES;
				COPY_PHASE_STRIP = NO;
				DEBUG_INFORMATION_FORMAT = dwarf;
				ENABLE_STRICT_OBJC_MSGSEND = YES;
				ENABLE_TESTABILITY = YES;
				GCC_C_LANGUAGE_STANDARD = gnu11;
				GCC_DYNAMIC_NO_PIC = NO;
				GCC_NO_COMMON_BLOCKS = YES;
				GCC_OPTIMIZATION_LEVEL = 0;
				GCC_PREPROCESSOR_DEFINITIONS = (
					"DEBUG=1",
					"$(inherited)",
				);
				GCC_WARN_64_TO_32_BIT_CONVERSION = YES;
				GCC_WARN_ABOUT_RETURN_TYPE = YES_ERROR;
				GCC_WARN_UNDECLARED_SELECTOR = YES;
				GCC_WARN_UNINITIALIZED_AUTOS = YES_AGGRESSIVE;
				GCC_WARN_UNUSED_FUNCTION = YES;
				GCC_WARN_UNUSED_VARIABLE = YES;
				IPHONEOS_DEPLOYMENT_TARGET = 16.0;
				MTL_ENABLE_DEBUG_INFO = INCLUDE_SOURCE;
				MTL_FAST_MATH = YES;
				ONLY_ACTIVE_ARCH = YES;
				SDKROOT = iphoneos;
				SWIFT_ACTIVE_COMPILATION_CONDITIONS = DEBUG;
				SWIFT_OPTIMIZATION_LEVEL = "-Onone";
			};
			name = Debug;
		};
		F41891D828FFF1810017E258 /* Release */ = {
			isa = XCBuildConfiguration;
			buildSettings = {
				ALWAYS_SEARCH_USER_PATHS = NO;
				CLANG_ANALYZER_NONNULL = YES;
				CLANG_ANALYZER_NUMBER_OBJECT_CONVERSION = YES_AGGRESSIVE;
				CLANG_CXX_LANGUAGE_STANDARD = "gnu++20";
				CLANG_ENABLE_MODULES = YES;
				CLANG_ENABLE_OBJC_ARC = YES;
				CLANG_ENABLE_OBJC_WEAK = YES;
				CLANG_WARN_BLOCK_CAPTURE_AUTORELEASING = YES;
				CLANG_WARN_BOOL_CONVERSION = YES;
				CLANG_WARN_COMMA = YES;
				CLANG_WARN_CONSTANT_CONVERSION = YES;
				CLANG_WARN_DEPRECATED_OBJC_IMPLEMENTATIONS = YES;
				CLANG_WARN_DIRECT_OBJC_ISA_USAGE = YES_ERROR;
				CLANG_WARN_DOCUMENTATION_COMMENTS = YES;
				CLANG_WARN_EMPTY_BODY = YES;
				CLANG_WARN_ENUM_CONVERSION = YES;
				CLANG_WARN_INFINITE_RECURSION = YES;
				CLANG_WARN_INT_CONVERSION = YES;
				CLANG_WARN_NON_LITERAL_NULL_CONVERSION = YES;
				CLANG_WARN_OBJC_IMPLICIT_RETAIN_SELF = YES;
				CLANG_WARN_OBJC_LITERAL_CONVERSION = YES;
				CLANG_WARN_OBJC_ROOT_CLASS = YES_ERROR;
				CLANG_WARN_QUOTED_INCLUDE_IN_FRAMEWORK_HEADER = YES;
				CLANG_WARN_RANGE_LOOP_ANALYSIS = YES;
				CLANG_WARN_STRICT_PROTOTYPES = YES;
				CLANG_WARN_SUSPICIOUS_MOVE = YES;
				CLANG_WARN_UNGUARDED_AVAILABILITY = YES_AGGRESSIVE;
				CLANG_WARN_UNREACHABLE_CODE = YES;
				CLANG_WARN__DUPLICATE_METHOD_MATCH = YES;
				COPY_PHASE_STRIP = NO;
				DEBUG_INFORMATION_FORMAT = "dwarf-with-dsym";
				ENABLE_NS_ASSERTIONS = NO;
				ENABLE_STRICT_OBJC_MSGSEND = YES;
				GCC_C_LANGUAGE_STANDARD = gnu11;
				GCC_NO_COMMON_BLOCKS = YES;
				GCC_WARN_64_TO_32_BIT_CONVERSION = YES;
				GCC_WARN_ABOUT_RETURN_TYPE = YES_ERROR;
				GCC_WARN_UNDECLARED_SELECTOR = YES;
				GCC_WARN_UNINITIALIZED_AUTOS = YES_AGGRESSIVE;
				GCC_WARN_UNUSED_FUNCTION = YES;
				GCC_WARN_UNUSED_VARIABLE = YES;
				IPHONEOS_DEPLOYMENT_TARGET = 16.0;
				MTL_ENABLE_DEBUG_INFO = NO;
				MTL_FAST_MATH = YES;
				SDKROOT = iphoneos;
				SWIFT_COMPILATION_MODE = wholemodule;
				SWIFT_OPTIMIZATION_LEVEL = "-O";
				VALIDATE_PRODUCT = YES;
			};
			name = Release;
		};
		F41891DA28FFF1810017E258 /* Debug */ = {
			isa = XCBuildConfiguration;
			baseConfigurationReference = C9BB4EAC108C0601FA1C3BAB /* Pods-MyMovieDiaryiOS.debug.xcconfig */;
			buildSettings = {
				ASSETCATALOG_COMPILER_APPICON_NAME = AppIcon;
				ASSETCATALOG_COMPILER_GLOBAL_ACCENT_COLOR_NAME = AccentColor;
				CODE_SIGN_STYLE = Automatic;
				CURRENT_PROJECT_VERSION = 1;
				DEVELOPMENT_TEAM = BFTA9SX898;
				"EXCLUDED_ARCHS[sdk=iphonesimulator*]" = arm64;
				FRAMEWORK_SEARCH_PATHS = (
					"$(inherited)",
					"$(PROJECT_DIR)",
				);
				GENERATE_INFOPLIST_FILE = YES;
				INFOPLIST_FILE = MyMovieDiaryiOS/Info.plist;
				INFOPLIST_KEY_UIApplicationSupportsIndirectInputEvents = YES;
				INFOPLIST_KEY_UILaunchStoryboardName = LaunchScreen;
				INFOPLIST_KEY_UISupportedInterfaceOrientations_iPad = "UIInterfaceOrientationPortrait UIInterfaceOrientationPortraitUpsideDown UIInterfaceOrientationLandscapeLeft UIInterfaceOrientationLandscapeRight";
				INFOPLIST_KEY_UISupportedInterfaceOrientations_iPhone = "UIInterfaceOrientationPortrait UIInterfaceOrientationLandscapeLeft UIInterfaceOrientationLandscapeRight";
				LD_RUNPATH_SEARCH_PATHS = (
					"$(inherited)",
					"@executable_path/Frameworks",
				);
				MARKETING_VERSION = 1.0;
				OTHER_LDFLAGS = (
					"$(inherited)",
					"-ObjC",
					"-l\"c++\"",
					"-l\"sqlite3\"",
					"-l\"z\"",
					"-framework",
					"\"Alamofire\"",
					"-framework",
					"\"CFNetwork\"",
					"-framework",
					"\"FBLPromises\"",
					"-framework",
					"\"FirebaseAnalytics\"",
					"-framework",
					"\"FirebaseCore\"",
					"-framework",
					"\"FirebaseCoreInternal\"",
					"-framework",
					"\"FirebaseInstallations\"",
					"-framework",
					"\"Foundation\"",
					"-framework",
					"\"GoogleAppMeasurement\"",
					"-framework",
					"\"GoogleAppMeasurementIdentitySupport\"",
					"-framework",
					"\"GoogleUtilities\"",
					"-framework",
					"\"RxCocoa\"",
					"-framework",
					"\"RxRelay\"",
					"-framework",
					"\"RxSwift\"",
					"-framework",
					"\"Security\"",
					"-framework",
					"\"StoreKit\"",
					"-framework",
					"\"SystemConfiguration\"",
					"-framework",
					"\"UIKit\"",
					"-framework",
					"\"nanopb\"",
					"-all_Load",
				);
				PRODUCT_BUNDLE_IDENTIFIER = com.petmily.MyMovieDiaryiOS;
				PRODUCT_NAME = "$(TARGET_NAME)";
				SWIFT_EMIT_LOC_STRINGS = YES;
				SWIFT_OBJC_BRIDGING_HEADER = "KakaoOpenSDK-Bridging-Header.h";
				SWIFT_VERSION = 5.0;
				TARGETED_DEVICE_FAMILY = "1,2";
			};
			name = Debug;
		};
		F41891DB28FFF1810017E258 /* Release */ = {
			isa = XCBuildConfiguration;
			baseConfigurationReference = 2C5541B73C9F1694CA659A7B /* Pods-MyMovieDiaryiOS.release.xcconfig */;
			buildSettings = {
				ASSETCATALOG_COMPILER_APPICON_NAME = AppIcon;
				ASSETCATALOG_COMPILER_GLOBAL_ACCENT_COLOR_NAME = AccentColor;
				CODE_SIGN_STYLE = Automatic;
				CURRENT_PROJECT_VERSION = 1;
				DEVELOPMENT_TEAM = BFTA9SX898;
				"EXCLUDED_ARCHS[sdk=iphonesimulator*]" = arm64;
				FRAMEWORK_SEARCH_PATHS = (
					"$(inherited)",
					"$(PROJECT_DIR)",
				);
				GENERATE_INFOPLIST_FILE = YES;
				INFOPLIST_FILE = MyMovieDiaryiOS/Info.plist;
				INFOPLIST_KEY_UIApplicationSupportsIndirectInputEvents = YES;
				INFOPLIST_KEY_UILaunchStoryboardName = LaunchScreen;
				INFOPLIST_KEY_UISupportedInterfaceOrientations_iPad = "UIInterfaceOrientationPortrait UIInterfaceOrientationPortraitUpsideDown UIInterfaceOrientationLandscapeLeft UIInterfaceOrientationLandscapeRight";
				INFOPLIST_KEY_UISupportedInterfaceOrientations_iPhone = "UIInterfaceOrientationPortrait UIInterfaceOrientationLandscapeLeft UIInterfaceOrientationLandscapeRight";
				LD_RUNPATH_SEARCH_PATHS = (
					"$(inherited)",
					"@executable_path/Frameworks",
				);
				MARKETING_VERSION = 1.0;
				OTHER_LDFLAGS = (
					"$(inherited)",
					"-ObjC",
					"-l\"c++\"",
					"-l\"sqlite3\"",
					"-l\"z\"",
					"-framework",
					"\"Alamofire\"",
					"-framework",
					"\"CFNetwork\"",
					"-framework",
					"\"FBLPromises\"",
					"-framework",
					"\"FirebaseAnalytics\"",
					"-framework",
					"\"FirebaseCore\"",
					"-framework",
					"\"FirebaseCoreInternal\"",
					"-framework",
					"\"FirebaseInstallations\"",
					"-framework",
					"\"Foundation\"",
					"-framework",
					"\"GoogleAppMeasurement\"",
					"-framework",
					"\"GoogleAppMeasurementIdentitySupport\"",
					"-framework",
					"\"GoogleUtilities\"",
					"-framework",
					"\"RxCocoa\"",
					"-framework",
					"\"RxRelay\"",
					"-framework",
					"\"RxSwift\"",
					"-framework",
					"\"Security\"",
					"-framework",
					"\"StoreKit\"",
					"-framework",
					"\"SystemConfiguration\"",
					"-framework",
					"\"UIKit\"",
					"-framework",
					"\"nanopb\"",
					"-all_Load",
				);
				PRODUCT_BUNDLE_IDENTIFIER = com.petmily.MyMovieDiaryiOS;
				PRODUCT_NAME = "$(TARGET_NAME)";
				SWIFT_EMIT_LOC_STRINGS = YES;
				SWIFT_OBJC_BRIDGING_HEADER = "KakaoOpenSDK-Bridging-Header.h";
				SWIFT_VERSION = 5.0;
				TARGETED_DEVICE_FAMILY = "1,2";
			};
			name = Release;
		};
/* End XCBuildConfiguration section */

/* Begin XCConfigurationList section */
		F41891C028FFF1800017E258 /* Build configuration list for PBXProject "MyMovieDiaryiOS" */ = {
			isa = XCConfigurationList;
			buildConfigurations = (
				F41891D728FFF1810017E258 /* Debug */,
				F41891D828FFF1810017E258 /* Release */,
			);
			defaultConfigurationIsVisible = 0;
			defaultConfigurationName = Release;
		};
		F41891D928FFF1810017E258 /* Build configuration list for PBXNativeTarget "MyMovieDiaryiOS" */ = {
			isa = XCConfigurationList;
			buildConfigurations = (
				F41891DA28FFF1810017E258 /* Debug */,
				F41891DB28FFF1810017E258 /* Release */,
			);
			defaultConfigurationIsVisible = 0;
			defaultConfigurationName = Release;
		};
/* End XCConfigurationList section */
	};
	rootObject = F41891BD28FFF1800017E258 /* Project object */;
}
